
Microsoft Visual Studio Solution File, Format Version 12.00
# Visual Studio Version 16
VisualStudioVersion = 16.0.29519.87
MinimumVisualStudioVersion = 10.0.40219.1
Project("{FAE04EC0-301F-11D3-BF4B-00C04F79EFBC}") = "nl.hyperdata.gamemaker.builder", "nl.hyperdata.gamemaker.builder\nl.hyperdata.gamemaker.builder.csproj", "{12CC406D-230D-452F-B793-04C3C5B43356}"
EndProject
Project("{FAE04EC0-301F-11D3-BF4B-00C04F79EFBC}") = "nl.hyperdata.gamemaker.yy", "nl.hyperdata.gamemaker.yy\nl.hyperdata.gamemaker.yy.csproj", "{55E6830F-009D-4975-B823-F15C3D0544F9}"
EndProject
Global
	GlobalSection(SolutionConfigurationPlatforms) = preSolution
		Debug|Any CPU = Debug|Any CPU
		Release|Any CPU = Release|Any CPU
	EndGlobalSection
	GlobalSection(ProjectConfigurationPlatforms) = postSolution
		{12CC406D-230D-452F-B793-04C3C5B43356}.Debug|Any CPU.ActiveCfg = Debug|Any CPU
		{12CC406D-230D-452F-B793-04C3C5B43356}.Debug|Any CPU.Build.0 = Debug|Any CPU
		{12CC406D-230D-452F-B793-04C3C5B43356}.Release|Any CPU.ActiveCfg = Release|Any CPU
		{12CC406D-230D-452F-B793-04C3C5B43356}.Release|Any CPU.Build.0 = Release|Any CPU
		{55E6830F-009D-4975-B823-F15C3D0544F9}.Debug|Any CPU.ActiveCfg = Debug|Any CPU
		{55E6830F-009D-4975-B823-F15C3D0544F9}.Debug|Any CPU.Build.0 = Debug|Any CPU
		{55E6830F-009D-4975-B823-F15C3D0544F9}.Release|Any CPU.ActiveCfg = Release|Any CPU
		{55E6830F-009D-4975-B823-F15C3D0544F9}.Release|Any CPU.Build.0 = Release|Any CPU
	EndGlobalSection
	GlobalSection(SolutionProperties) = preSolution
		HideSolutionNode = FALSE
	EndGlobalSection
	GlobalSection(ExtensibilityGlobals) = postSolution
		SolutionGuid = {07FABBCD-A570-4BF0-BB99-4C8478F6597D}
	EndGlobalSection
EndGlobal
